
Microsoft Visual Studio Solution File, Format Version 12.00
# Visual Studio 14
VisualStudioVersion = 14.0.23107.0
MinimumVisualStudioVersion = 10.0.40219.1
Project("{FAE04EC0-301F-11D3-BF4B-00C04F79EFBC}") = "LinkedList", "LinkedList\LinkedList.csproj", "{008E2763-D751-4BEF-853B-334F5779DA43}"
EndProject
Project("{FAE04EC0-301F-11D3-BF4B-00C04F79EFBC}") = "App", "Week04Day02\App.csproj", "{89FE7660-28B6-4FBB-8A00-3C8B7597B612}"
EndProject
Global
	GlobalSection(SolutionConfigurationPlatforms) = preSolution
		Debug|Any CPU = Debug|Any CPU
		Release|Any CPU = Release|Any CPU
	EndGlobalSection
	GlobalSection(ProjectConfigurationPlatforms) = postSolution
		{008E2763-D751-4BEF-853B-334F5779DA43}.Debug|Any CPU.ActiveCfg = Debug|Any CPU
		{008E2763-D751-4BEF-853B-334F5779DA43}.Debug|Any CPU.Build.0 = Debug|Any CPU
		{008E2763-D751-4BEF-853B-334F5779DA43}.Release|Any CPU.ActiveCfg = Release|Any CPU
		{008E2763-D751-4BEF-853B-334F5779DA43}.Release|Any CPU.Build.0 = Release|Any CPU
		{89FE7660-28B6-4FBB-8A00-3C8B7597B612}.Debug|Any CPU.ActiveCfg = Debug|Any CPU
		{89FE7660-28B6-4FBB-8A00-3C8B7597B612}.Debug|Any CPU.Build.0 = Debug|Any CPU
		{89FE7660-28B6-4FBB-8A00-3C8B7597B612}.Release|Any CPU.ActiveCfg = Release|Any CPU
		{89FE7660-28B6-4FBB-8A00-3C8B7597B612}.Release|Any CPU.Build.0 = Release|Any CPU
	EndGlobalSection
	GlobalSection(SolutionProperties) = preSolution
		HideSolutionNode = FALSE
	EndGlobalSection
EndGlobal
