
Microsoft Visual Studio Solution File, Format Version 12.00
# Visual Studio 14
VisualStudioVersion = 14.0.23107.0
MinimumVisualStudioVersion = 10.0.40219.1
Project("{FAE04EC0-301F-11D3-BF4B-00C04F79EFBC}") = "ClassLibrary1", "ClassLibrary1\ClassLibrary1.csproj", "{8DA3DC3A-517C-45EE-96C3-40FDB4AFD27A}"
EndProject
Project("{FAE04EC0-301F-11D3-BF4B-00C04F79EFBC}") = "Queries", "ConsoleApplication1\Queries.csproj", "{D99F0E1D-63A4-4A97-9F62-C2DED1CA4D26}"
EndProject
Global
	GlobalSection(SolutionConfigurationPlatforms) = preSolution
		Debug|Any CPU = Debug|Any CPU
		Release|Any CPU = Release|Any CPU
	EndGlobalSection
	GlobalSection(ProjectConfigurationPlatforms) = postSolution
		{8DA3DC3A-517C-45EE-96C3-40FDB4AFD27A}.Debug|Any CPU.ActiveCfg = Debug|Any CPU
		{8DA3DC3A-517C-45EE-96C3-40FDB4AFD27A}.Debug|Any CPU.Build.0 = Debug|Any CPU
		{8DA3DC3A-517C-45EE-96C3-40FDB4AFD27A}.Release|Any CPU.ActiveCfg = Release|Any CPU
		{8DA3DC3A-517C-45EE-96C3-40FDB4AFD27A}.Release|Any CPU.Build.0 = Release|Any CPU
		{D99F0E1D-63A4-4A97-9F62-C2DED1CA4D26}.Debug|Any CPU.ActiveCfg = Debug|Any CPU
		{D99F0E1D-63A4-4A97-9F62-C2DED1CA4D26}.Debug|Any CPU.Build.0 = Debug|Any CPU
		{D99F0E1D-63A4-4A97-9F62-C2DED1CA4D26}.Release|Any CPU.ActiveCfg = Release|Any CPU
		{D99F0E1D-63A4-4A97-9F62-C2DED1CA4D26}.Release|Any CPU.Build.0 = Release|Any CPU
	EndGlobalSection
	GlobalSection(SolutionProperties) = preSolution
		HideSolutionNode = FALSE
	EndGlobalSection
EndGlobal
